
Microsoft Visual Studio Solution File, Format Version 12.00
# Visual Studio 15
VisualStudioVersion = 15.0.27130.2010
MinimumVisualStudioVersion = 10.0.40219.1
Project("{F184B08F-C81C-45F6-A57F-5ABD9991F28F}") = "notepad", "notepad\notepad.vbproj", "{4703EE56-888E-4351-AF1F-55FB84CAAF64}"
EndProject
Global
	GlobalSection(SolutionConfigurationPlatforms) = preSolution
		Debug|Any CPU = Debug|Any CPU
		Release|Any CPU = Release|Any CPU
	EndGlobalSection
	GlobalSection(ProjectConfigurationPlatforms) = postSolution
		{4703EE56-888E-4351-AF1F-55FB84CAAF64}.Debug|Any CPU.ActiveCfg = Debug|Any CPU
		{4703EE56-888E-4351-AF1F-55FB84CAAF64}.Debug|Any CPU.Build.0 = Debug|Any CPU
		{4703EE56-888E-4351-AF1F-55FB84CAAF64}.Release|Any CPU.ActiveCfg = Release|Any CPU
		{4703EE56-888E-4351-AF1F-55FB84CAAF64}.Release|Any CPU.Build.0 = Release|Any CPU
	EndGlobalSection
	GlobalSection(SolutionProperties) = preSolution
		HideSolutionNode = FALSE
	EndGlobalSection
	GlobalSection(ExtensibilityGlobals) = postSolution
		SolutionGuid = {C5489D8B-DC0B-4CD9-AF80-9EC4D3E0A18F}
	EndGlobalSection
EndGlobal
